
Microsoft Visual Studio Solution File, Format Version 12.00
# Visual Studio Version 17
VisualStudioVersion = 17.10.34928.147
MinimumVisualStudioVersion = 10.0.40219.1
Project("{FAE04EC0-301F-11D3-BF4B-00C04F79EFBC}") = "AmbevConexao", "AmbevConexao\AmbevConexao.csproj", "{C665AE9F-F75A-4287-BBE1-90054D077823}"
EndProject
Global
	GlobalSection(SolutionConfigurationPlatforms) = preSolution
		Debug|Any CPU = Debug|Any CPU
		Release|Any CPU = Release|Any CPU
	EndGlobalSection
	GlobalSection(ProjectConfigurationPlatforms) = postSolution
		{C665AE9F-F75A-4287-BBE1-90054D077823}.Debug|Any CPU.ActiveCfg = Debug|Any CPU
		{C665AE9F-F75A-4287-BBE1-90054D077823}.Debug|Any CPU.Build.0 = Debug|Any CPU
		{C665AE9F-F75A-4287-BBE1-90054D077823}.Release|Any CPU.ActiveCfg = Release|Any CPU
		{C665AE9F-F75A-4287-BBE1-90054D077823}.Release|Any CPU.Build.0 = Release|Any CPU
	EndGlobalSection
	GlobalSection(SolutionProperties) = preSolution
		HideSolutionNode = FALSE
	EndGlobalSection
	GlobalSection(ExtensibilityGlobals) = postSolution
		SolutionGuid = {5D4D698C-6847-4B4E-8C0F-16A5B717EA43}
	EndGlobalSection
EndGlobal
